PODS:
  - Alamofire (3.5.0)
  - SDWebImage (3.8.2):
    - SDWebImage/Core (= 3.8.2)
  - SDWebImage/Core (3.8.2)
  - SwiftyJSON (2.4.0)

DEPENDENCIES:
  - Alamofire (~> 3.0)
  - SDWebImage
  - SwiftyJSON (~> 2.4)

SPEC CHECKSUMS:
  Alamofire: b70a7352335f8ea5babd0a923eb7e8eacc67b877
  SDWebImage: '098e97e6176540799c27e804c96653ee0833d13c'
  SwiftyJSON: 96918c1bf505efa50c4f72957018dd3452090c9c

PODFILE CHECKSUM: 04227ccd9b9607e2d9669a77c44b0790cea3d111

COCOAPODS: 1.0.1
