// !$*UTF8*$!
{
	archiveVersion = 1;
	classes = {
	};
	objectVersion = 46;
	objects = {

/* Begin PBXBuildFile section */
		189EB6879366B82FF3A0A0A4 /* Pods_TechCare.framework in Frameworks */ = {isa = PBXBuildFile; fileRef = 77145DC7EEFB409019ACF58F /* Pods_TechCare.framework */; };
		1F1354631DA67825008A3FB4 /* RequesterListViewController.swift in Sources */ = {isa = PBXBuildFile; fileRef = 1F1354621DA67825008A3FB4 /* RequesterListViewController.swift */; };
		1F1354651DA6A7EA008A3FB4 /* CalendarCollectionViewCell.swift in Sources */ = {isa = PBXBuildFile; fileRef = 1F1354641DA6A7EA008A3FB4 /* CalendarCollectionViewCell.swift */; };
		1F7AE66A1DB47E2C005EFD4F /* ScheduleListViewController.swift in Sources */ = {isa = PBXBuildFile; fileRef = 1F7AE6691DB47E2C005EFD4F /* ScheduleListViewController.swift */; };
		1F7AE66C1DB47EE7005EFD4F /* CareItemTableViewCell.swift in Sources */ = {isa = PBXBuildFile; fileRef = 1F7AE66B1DB47EE7005EFD4F /* CareItemTableViewCell.swift */; };
		1F7AE6721DB522DD005EFD4F /* AddSettingsViewController.swift in Sources */ = {isa = PBXBuildFile; fileRef = 1F7AE6711DB522DD005EFD4F /* AddSettingsViewController.swift */; };
		1F7AE6741DB5268C005EFD4F /* AddSettingsTableViewCell.swift in Sources */ = {isa = PBXBuildFile; fileRef = 1F7AE6731DB5268C005EFD4F /* AddSettingsTableViewCell.swift */; };
		1F7AE6771DB5C28B005EFD4F /* CareItemModel.swift in Sources */ = {isa = PBXBuildFile; fileRef = 1F7AE6761DB5C28B005EFD4F /* CareItemModel.swift */; };
		1F7B1A101DB9839000E1763C /* DateUtil.swift in Sources */ = {isa = PBXBuildFile; fileRef = 1F7B1A0F1DB9839000E1763C /* DateUtil.swift */; };
		1F8FA1D71DB8F55C00E0300D /* RequesterModel.swift in Sources */ = {isa = PBXBuildFile; fileRef = 1F8FA1D61DB8F55C00E0300D /* RequesterModel.swift */; };
		1FBCB6DF1DB6772A00D41F1F /* SpecialItemViewController.swift in Sources */ = {isa = PBXBuildFile; fileRef = 1FBCB6DE1DB6772A00D41F1F /* SpecialItemViewController.swift */; };
		1FBCB6E11DB70FB000D41F1F /* RecordViewController.swift in Sources */ = {isa = PBXBuildFile; fileRef = 1FBCB6E01DB70FB000D41F1F /* RecordViewController.swift */; };
		1FBCB6E31DB768FE00D41F1F /* RequesterList2ViewController.swift in Sources */ = {isa = PBXBuildFile; fileRef = 1FBCB6E21DB768FE00D41F1F /* RequesterList2ViewController.swift */; };
		1FBCB6E51DB76C4100D41F1F /* Request2TableViewCell.swift in Sources */ = {isa = PBXBuildFile; fileRef = 1FBCB6E41DB76C4100D41F1F /* Request2TableViewCell.swift */; };
		1FBCB6E91DB8BA0C00D41F1F /* TechCareDef.swift in Sources */ = {isa = PBXBuildFile; fileRef = 1FBCB6E81DB8BA0C00D41F1F /* TechCareDef.swift */; };
		1FDE60241DADE430004C377C /* RequestTableViewCell.swift in Sources */ = {isa = PBXBuildFile; fileRef = 1FDE60231DADE430004C377C /* RequestTableViewCell.swift */; };
		1FE609161D9F89F90046C26A /* AppDelegate.swift in Sources */ = {isa = PBXBuildFile; fileRef = 1FE609151D9F89F90046C26A /* AppDelegate.swift */; };
		1FE609181D9F89F90046C26A /* ViewController.swift in Sources */ = {isa = PBXBuildFile; fileRef = 1FE609171D9F89F90046C26A /* ViewController.swift */; };
		1FE6091B1D9F89F90046C26A /* Main.storyboard in Resources */ = {isa = PBXBuildFile; fileRef = 1FE609191D9F89F90046C26A /* Main.storyboard */; };
		1FE6091D1D9F89F90046C26A /* Assets.xcassets in Resources */ = {isa = PBXBuildFile; fileRef = 1FE6091C1D9F89F90046C26A /* Assets.xcassets */; };
		1FE609201D9F89F90046C26A /* LaunchScreen.storyboard in Resources */ = {isa = PBXBuildFile; fileRef = 1FE6091E1D9F89F90046C26A /* LaunchScreen.storyboard */; };
		1FE609281DA00D120046C26A /* RegisterViewController.swift in Sources */ = {isa = PBXBuildFile; fileRef = 1FE609271DA00D120046C26A /* RegisterViewController.swift */; };
/* End PBXBuildFile section */

/* Begin PBXFileReference section */
		1F1354621DA67825008A3FB4 /* RequesterListViewController.swift */ = {isa = PBXFileReference; fileEncoding = 4; lastKnownFileType = sourcecode.swift; path = RequesterListViewController.swift; sourceTree = "<group>"; };
		1F1354641DA6A7EA008A3FB4 /* CalendarCollectionViewCell.swift */ = {isa = PBXFileReference; fileEncoding = 4; lastKnownFileType = sourcecode.swift; path = CalendarCollectionViewCell.swift; sourceTree = "<group>"; };
		1F7AE6691DB47E2C005EFD4F /* ScheduleListViewController.swift */ = {isa = PBXFileReference; fileEncoding = 4; lastKnownFileType = sourcecode.swift; path = ScheduleListViewController.swift; sourceTree = "<group>"; };
		1F7AE66B1DB47EE7005EFD4F /* CareItemTableViewCell.swift */ = {isa = PBXFileReference; fileEncoding = 4; lastKnownFileType = sourcecode.swift; path = CareItemTableViewCell.swift; sourceTree = "<group>"; };
		1F7AE6711DB522DD005EFD4F /* AddSettingsViewController.swift */ = {isa = PBXFileReference; fileEncoding = 4; lastKnownFileType = sourcecode.swift; path = AddSettingsViewController.swift; sourceTree = "<group>"; };
		1F7AE6731DB5268C005EFD4F /* AddSettingsTableViewCell.swift */ = {isa = PBXFileReference; fileEncoding = 4; lastKnownFileType = sourcecode.swift; path = AddSettingsTableViewCell.swift; sourceTree = "<group>"; };
		1F7AE6761DB5C28B005EFD4F /* CareItemModel.swift */ = {isa = PBXFileReference; fileEncoding = 4; lastKnownFileType = sourcecode.swift; path = CareItemModel.swift; sourceTree = "<group>"; };
		1F7B1A0F1DB9839000E1763C /* DateUtil.swift */ = {isa = PBXFileReference; fileEncoding = 4; lastKnownFileType = sourcecode.swift; path = DateUtil.swift; sourceTree = "<group>"; };
		1F8FA1D61DB8F55C00E0300D /* RequesterModel.swift */ = {isa = PBXFileReference; fileEncoding = 4; lastKnownFileType = sourcecode.swift; path = RequesterModel.swift; sourceTree = "<group>"; };
		1FBCB6DE1DB6772A00D41F1F /* SpecialItemViewController.swift */ = {isa = PBXFileReference; fileEncoding = 4; lastKnownFileType = sourcecode.swift; path = SpecialItemViewController.swift; sourceTree = "<group>"; };
		1FBCB6E01DB70FB000D41F1F /* RecordViewController.swift */ = {isa = PBXFileReference; fileEncoding = 4; lastKnownFileType = sourcecode.swift; path = RecordViewController.swift; sourceTree = "<group>"; };
		1FBCB6E21DB768FE00D41F1F /* RequesterList2ViewController.swift */ = {isa = PBXFileReference; fileEncoding = 4; lastKnownFileType = sourcecode.swift; path = RequesterList2ViewController.swift; sourceTree = "<group>"; };
		1FBCB6E41DB76C4100D41F1F /* Request2TableViewCell.swift */ = {isa = PBXFileReference; fileEncoding = 4; lastKnownFileType = sourcecode.swift; path = Request2TableViewCell.swift; sourceTree = "<group>"; };
		1FBCB6E81DB8BA0C00D41F1F /* TechCareDef.swift */ = {isa = PBXFileReference; fileEncoding = 4; lastKnownFileType = sourcecode.swift; path = TechCareDef.swift; sourceTree = "<group>"; };
		1FDE60231DADE430004C377C /* RequestTableViewCell.swift */ = {isa = PBXFileReference; fileEncoding = 4; lastKnownFileType = sourcecode.swift; path = RequestTableViewCell.swift; sourceTree = "<group>"; };
		1FE609121D9F89F90046C26A /* TechCare.app */ = {isa = PBXFileReference; explicitFileType = wrapper.application; includeInIndex = 0; path = TechCare.app; sourceTree = BUILT_PRODUCTS_DIR; };
		1FE609151D9F89F90046C26A /* AppDelegate.swift */ = {isa = PBXFileReference; lastKnownFileType = sourcecode.swift; path = AppDelegate.swift; sourceTree = "<group>"; };
		1FE609171D9F89F90046C26A /* ViewController.swift */ = {isa = PBXFileReference; lastKnownFileType = sourcecode.swift; path = ViewController.swift; sourceTree = "<group>"; };
		1FE6091A1D9F89F90046C26A /* Base */ = {isa = PBXFileReference; lastKnownFileType = file.storyboard; name = Base; path = Base.lproj/Main.storyboard; sourceTree = "<group>"; };
		1FE6091C1D9F89F90046C26A /* Assets.xcassets */ = {isa = PBXFileReference; lastKnownFileType = folder.assetcatalog; path = Assets.xcassets; sourceTree = "<group>"; };
		1FE6091F1D9F89F90046C26A /* Base */ = {isa = PBXFileReference; lastKnownFileType = file.storyboard; name = Base; path = Base.lproj/LaunchScreen.storyboard; sourceTree = "<group>"; };
		1FE609211D9F89F90046C26A /* Info.plist */ = {isa = PBXFileReference; lastKnownFileType = text.plist.xml; path = Info.plist; sourceTree = "<group>"; };
		1FE609271DA00D120046C26A /* RegisterViewController.swift */ = {isa = PBXFileReference; fileEncoding = 4; lastKnownFileType = sourcecode.swift; path = RegisterViewController.swift; sourceTree = "<group>"; };
		36D263FCBA17036550E3DF6C /* Pods-TechCare.release.xcconfig */ = {isa = PBXFileReference; includeInIndex = 1; lastKnownFileType = text.xcconfig; name = "Pods-TechCare.release.xcconfig"; path = "Pods/Target Support Files/Pods-TechCare/Pods-TechCare.release.xcconfig"; sourceTree = "<group>"; };
		77145DC7EEFB409019ACF58F /* Pods_TechCare.framework */ = {isa = PBXFileReference; explicitFileType = wrapper.framework; includeInIndex = 0; path = Pods_TechCare.framework; sourceTree = BUILT_PRODUCTS_DIR; };
		AC3840DA0CB6B049CDEB4F01 /* Pods-TechCare.debug.xcconfig */ = {isa = PBXFileReference; includeInIndex = 1; lastKnownFileType = text.xcconfig; name = "Pods-TechCare.debug.xcconfig"; path = "Pods/Target Support Files/Pods-TechCare/Pods-TechCare.debug.xcconfig"; sourceTree = "<group>"; };
/* End PBXFileReference section */

/* Begin PBXFrameworksBuildPhase section */
		1FE6090F1D9F89F90046C26A /* Frameworks */ = {
			isa = PBXFrameworksBuildPhase;
			buildActionMask = 2147483647;
			files = (
				189EB6879366B82FF3A0A0A4 /* Pods_TechCare.framework in Frameworks */,
			);
			runOnlyForDeploymentPostprocessing = 0;
		};
/* End PBXFrameworksBuildPhase section */

/* Begin PBXGroup section */
		1F7AE6641DB476FB005EFD4F /* Tab_2_Schedule */ = {
			isa = PBXGroup;
			children = (
				1F7AE6691DB47E2C005EFD4F /* ScheduleListViewController.swift */,
				1F7AE66B1DB47EE7005EFD4F /* CareItemTableViewCell.swift */,
				1FBCB6DE1DB6772A00D41F1F /* SpecialItemViewController.swift */,
			);
			name = Tab_2_Schedule;
			sourceTree = "<group>";
		};
		1F7AE6661DB47729005EFD4F /* Tab_1_Setting */ = {
			isa = PBXGroup;
			children = (
				1F1354621DA67825008A3FB4 /* RequesterListViewController.swift */,
				1FDE60231DADE430004C377C /* RequestTableViewCell.swift */,
				1F7AE6711DB522DD005EFD4F /* AddSettingsViewController.swift */,
				1F7AE6731DB5268C005EFD4F /* AddSettingsTableViewCell.swift */,
			);
			name = Tab_1_Setting;
			sourceTree = "<group>";
		};
		1F7AE6671DB47740005EFD4F /* Tab_3_Record */ = {
			isa = PBXGroup;
			children = (
				1FBCB6E21DB768FE00D41F1F /* RequesterList2ViewController.swift */,
				1FBCB6E41DB76C4100D41F1F /* Request2TableViewCell.swift */,
				1FBCB6E01DB70FB000D41F1F /* RecordViewController.swift */,
			);
			name = Tab_3_Record;
			sourceTree = "<group>";
		};
		1F7AE6681DB479F1005EFD4F /* CalendarShare */ = {
			isa = PBXGroup;
			children = (
				1F1354641DA6A7EA008A3FB4 /* CalendarCollectionViewCell.swift */,
			);
			name = CalendarShare;
			sourceTree = "<group>";
		};
		1F7AE6751DB5C265005EFD4F /* Model */ = {
			isa = PBXGroup;
			children = (
				1F7AE6761DB5C28B005EFD4F /* CareItemModel.swift */,
				1F8FA1D61DB8F55C00E0300D /* RequesterModel.swift */,
			);
			name = Model;
			sourceTree = "<group>";
		};
		1F7B1A0E1DB9837500E1763C /* Utility */ = {
			isa = PBXGroup;
			children = (
				1F7B1A0F1DB9839000E1763C /* DateUtil.swift */,
			);
			name = Utility;
			sourceTree = "<group>";
		};
		1FBCB6E61DB8B97100D41F1F /* Login */ = {
			isa = PBXGroup;
			children = (
				1FE609171D9F89F90046C26A /* ViewController.swift */,
				1FE609271DA00D120046C26A /* RegisterViewController.swift */,
			);
			name = Login;
			sourceTree = "<group>";
		};
		1FBCB6E71DB8B9E200D41F1F /* GlobalDef */ = {
			isa = PBXGroup;
			children = (
				1FBCB6E81DB8BA0C00D41F1F /* TechCareDef.swift */,
			);
			name = GlobalDef;
			sourceTree = "<group>";
		};
		1FE609091D9F89F90046C26A = {
			isa = PBXGroup;
			children = (
				1FE609141D9F89F90046C26A /* TechCare */,
				1FE609131D9F89F90046C26A /* Products */,
				5A81064DFA83B7F2BBF58E45 /* Pods */,
				89C7C6ECD91B94E662CEB439 /* Frameworks */,
			);
			sourceTree = "<group>";
		};
		1FE609131D9F89F90046C26A /* Products */ = {
			isa = PBXGroup;
			children = (
				1FE609121D9F89F90046C26A /* TechCare.app */,
			);
			name = Products;
			sourceTree = "<group>";
		};
		1FE609141D9F89F90046C26A /* TechCare */ = {
			isa = PBXGroup;
			children = (
				1FE609151D9F89F90046C26A /* AppDelegate.swift */,
				1FE609191D9F89F90046C26A /* Main.storyboard */,
				1FE6091C1D9F89F90046C26A /* Assets.xcassets */,
				1FE6091E1D9F89F90046C26A /* LaunchScreen.storyboard */,
				1FE609211D9F89F90046C26A /* Info.plist */,
				1FBCB6E61DB8B97100D41F1F /* Login */,
				1F7AE6661DB47729005EFD4F /* Tab_1_Setting */,
				1F7AE6641DB476FB005EFD4F /* Tab_2_Schedule */,
				1F7AE6671DB47740005EFD4F /* Tab_3_Record */,
				1F7AE6681DB479F1005EFD4F /* CalendarShare */,
				1F7AE6751DB5C265005EFD4F /* Model */,
				1FBCB6E71DB8B9E200D41F1F /* GlobalDef */,
				1F7B1A0E1DB9837500E1763C /* Utility */,
			);
			path = TechCare;
			sourceTree = "<group>";
		};
		5A81064DFA83B7F2BBF58E45 /* Pods */ = {
			isa = PBXGroup;
			children = (
				AC3840DA0CB6B049CDEB4F01 /* Pods-TechCare.debug.xcconfig */,
				36D263FCBA17036550E3DF6C /* Pods-TechCare.release.xcconfig */,
			);
			name = Pods;
			sourceTree = "<group>";
		};
		89C7C6ECD91B94E662CEB439 /* Frameworks */ = {
			isa = PBXGroup;
			children = (
				77145DC7EEFB409019ACF58F /* Pods_TechCare.framework */,
			);
			name = Frameworks;
			sourceTree = "<group>";
		};
/* End PBXGroup section */

/* Begin PBXNativeTarget section */
		1FE609111D9F89F90046C26A /* TechCare */ = {
			isa = PBXNativeTarget;
			buildConfigurationList = 1FE609241D9F89F90046C26A /* Build configuration list for PBXNativeTarget "TechCare" */;
			buildPhases = (
				917F616C288FB1BB7742202B /* [CP] Check Pods Manifest.lock */,
				1FE6090E1D9F89F90046C26A /* Sources */,
				1FE6090F1D9F89F90046C26A /* Frameworks */,
				1FE609101D9F89F90046C26A /* Resources */,
				9784C88D60FC6ED3D6135566 /* [CP] Embed Pods Frameworks */,
				1414892F036E68DDA5D63D26 /* [CP] Copy Pods Resources */,
			);
			buildRules = (
			);
			dependencies = (
			);
			name = TechCare;
			productName = TechCare;
			productReference = 1FE609121D9F89F90046C26A /* TechCare.app */;
			productType = "com.apple.product-type.application";
		};
/* End PBXNativeTarget section */

/* Begin PBXProject section */
		1FE6090A1D9F89F90046C26A /* Project object */ = {
			isa = PBXProject;
			attributes = {
				LastSwiftUpdateCheck = 0730;
				LastUpgradeCheck = 0730;
				ORGANIZATIONNAME = Jeff;
				TargetAttributes = {
					1FE609111D9F89F90046C26A = {
						CreatedOnToolsVersion = 7.3.1;
						DevelopmentTeam = 8H7X36TF25;
					};
				};
			};
			buildConfigurationList = 1FE6090D1D9F89F90046C26A /* Build configuration list for PBXProject "TechCare" */;
			compatibilityVersion = "Xcode 3.2";
			developmentRegion = English;
			hasScannedForEncodings = 0;
			knownRegions = (
				en,
				Base,
			);
			mainGroup = 1FE609091D9F89F90046C26A;
			productRefGroup = 1FE609131D9F89F90046C26A /* Products */;
			projectDirPath = "";
			projectRoot = "";
			targets = (
				1FE609111D9F89F90046C26A /* TechCare */,
			);
		};
/* End PBXProject section */

/* Begin PBXResourcesBuildPhase section */
		1FE609101D9F89F90046C26A /* Resources */ = {
			isa = PBXResourcesBuildPhase;
			buildActionMask = 2147483647;
			files = (
				1FE609201D9F89F90046C26A /* LaunchScreen.storyboard in Resources */,
				1FE6091D1D9F89F90046C26A /* Assets.xcassets in Resources */,
				1FE6091B1D9F89F90046C26A /* Main.storyboard in Resources */,
			);
			runOnlyForDeploymentPostprocessing = 0;
		};
/* End PBXResourcesBuildPhase section */

/* Begin PBXShellScriptBuildPhase section */
		1414892F036E68DDA5D63D26 /* [CP] Copy Pods Resources */ = {
			isa = PBXShellScriptBuildPhase;
			buildActionMask = 2147483647;
			files = (
			);
			inputPaths = (
			);
			name = "[CP] Copy Pods Resources";
			outputPaths = (
			);
			runOnlyForDeploymentPostprocessing = 0;
			shellPath = /bin/sh;
			shellScript = "\"${SRCROOT}/Pods/Target Support Files/Pods-TechCare/Pods-TechCare-resources.sh\"\n";
			showEnvVarsInLog = 0;
		};
		917F616C288FB1BB7742202B /* [CP] Check Pods Manifest.lock */ = {
			isa = PBXShellScriptBuildPhase;
			buildActionMask = 2147483647;
			files = (
			);
			inputPaths = (
			);
			name = "[CP] Check Pods Manifest.lock";
			outputPaths = (
			);
			runOnlyForDeploymentPostprocessing = 0;
			shellPath = /bin/sh;
			shellScript = "diff \"${PODS_ROOT}/../Podfile.lock\" \"${PODS_ROOT}/Manifest.lock\" > /dev/null\nif [[ $? != 0 ]] ; then\n    cat << EOM\nerror: The sandbox is not in sync with the Podfile.lock. Run 'pod install' or update your CocoaPods installation.\nEOM\n    exit 1\nfi\n";
			showEnvVarsInLog = 0;
		};
		9784C88D60FC6ED3D6135566 /* [CP] Embed Pods Frameworks */ = {
			isa = PBXShellScriptBuildPhase;
			buildActionMask = 2147483647;
			files = (
			);
			inputPaths = (
			);
			name = "[CP] Embed Pods Frameworks";
			outputPaths = (
			);
			runOnlyForDeploymentPostprocessing = 0;
			shellPath = /bin/sh;
			shellScript = "\"${SRCROOT}/Pods/Target Support Files/Pods-TechCare/Pods-TechCare-frameworks.sh\"\n";
			showEnvVarsInLog = 0;
		};
/* End PBXShellScriptBuildPhase section */

/* Begin PBXSourcesBuildPhase section */
		1FE6090E1D9F89F90046C26A /* Sources */ = {
			isa = PBXSourcesBuildPhase;
			buildActionMask = 2147483647;
			files = (
				1FE609281DA00D120046C26A /* RegisterViewController.swift in Sources */,
				1F8FA1D71DB8F55C00E0300D /* RequesterModel.swift in Sources */,
				1F1354631DA67825008A3FB4 /* RequesterListViewController.swift in Sources */,
				1FBCB6E31DB768FE00D41F1F /* RequesterList2ViewController.swift in Sources */,
				1FE609181D9F89F90046C26A /* ViewController.swift in Sources */,
				1F7AE66C1DB47EE7005EFD4F /* CareItemTableViewCell.swift in Sources */,
				1FE609161D9F89F90046C26A /* AppDelegate.swift in Sources */,
				1FBCB6DF1DB6772A00D41F1F /* SpecialItemViewController.swift in Sources */,
				1F7AE6771DB5C28B005EFD4F /* CareItemModel.swift in Sources */,
				1F7AE6741DB5268C005EFD4F /* AddSettingsTableViewCell.swift in Sources */,
				1F7AE6721DB522DD005EFD4F /* AddSettingsViewController.swift in Sources */,
				1FBCB6E91DB8BA0C00D41F1F /* TechCareDef.swift in Sources */,
				1FBCB6E51DB76C4100D41F1F /* Request2TableViewCell.swift in Sources */,
				1F1354651DA6A7EA008A3FB4 /* CalendarCollectionViewCell.swift in Sources */,
				1FBCB6E11DB70FB000D41F1F /* RecordViewController.swift in Sources */,
				1F7B1A101DB9839000E1763C /* DateUtil.swift in Sources */,
				1F7AE66A1DB47E2C005EFD4F /* ScheduleListViewController.swift in Sources */,
				1FDE60241DADE430004C377C /* RequestTableViewCell.swift in Sources */,
			);
			runOnlyForDeploymentPostprocessing = 0;
		};
/* End PBXSourcesBuildPhase section */

/* Begin PBXVariantGroup section */
		1FE609191D9F89F90046C26A /* Main.storyboard */ = {
			isa = PBXVariantGroup;
			children = (
				1FE6091A1D9F89F90046C26A /* Base */,
			);
			name = Main.storyboard;
			sourceTree = "<group>";
		};
		1FE6091E1D9F89F90046C26A /* LaunchScreen.storyboard */ = {
			isa = PBXVariantGroup;
			children = (
				1FE6091F1D9F89F90046C26A /* Base */,
			);
			name = LaunchScreen.storyboard;
			sourceTree = "<group>";
		};
/* End PBXVariantGroup section */

/* Begin XCBuildConfiguration section */
		1FE609221D9F89F90046C26A /* Debug */ = {
			isa = XCBuildConfiguration;
			buildSettings = {
				ALWAYS_SEARCH_USER_PATHS = NO;
				CLANG_ANALYZER_NONNULL = YES;
				CLANG_CXX_LANGUAGE_STANDARD = "gnu++0x";
				CLANG_CXX_LIBRARY = "libc++";
				CLANG_ENABLE_MODULES = YES;
				CLANG_ENABLE_OBJC_ARC = YES;
				CLANG_WARN_BOOL_CONVERSION = YES;
				CLANG_WARN_CONSTANT_CONVERSION = YES;
				CLANG_WARN_DIRECT_OBJC_ISA_USAGE = YES_ERROR;
				CLANG_WARN_EMPTY_BODY = YES;
				CLANG_WARN_ENUM_CONVERSION = YES;
				CLANG_WARN_INT_CONVERSION = YES;
				CLANG_WARN_OBJC_ROOT_CLASS = YES_ERROR;
				CLANG_WARN_UNREACHABLE_CODE = YES;
				CLANG_WARN__DUPLICATE_METHOD_MATCH = YES;
				"CODE_SIGN_IDENTITY[sdk=iphoneos*]" = "iPhone Developer";
				COPY_PHASE_STRIP = NO;
				DEBUG_INFORMATION_FORMAT = dwarf;
				ENABLE_STRICT_OBJC_MSGSEND = YES;
				ENABLE_TESTABILITY = YES;
				GCC_C_LANGUAGE_STANDARD = gnu99;
				GCC_DYNAMIC_NO_PIC = NO;
				GCC_NO_COMMON_BLOCKS = YES;
				GCC_OPTIMIZATION_LEVEL = 0;
				GCC_PREPROCESSOR_DEFINITIONS = (
					"DEBUG=1",
					"$(inherited)",
				);
				GCC_WARN_64_TO_32_BIT_CONVERSION = YES;
				GCC_WARN_ABOUT_RETURN_TYPE = YES_ERROR;
				GCC_WARN_UNDECLARED_SELECTOR = YES;
				GCC_WARN_UNINITIALIZED_AUTOS = YES_AGGRESSIVE;
				GCC_WARN_UNUSED_FUNCTION = YES;
				GCC_WARN_UNUSED_VARIABLE = YES;
				IPHONEOS_DEPLOYMENT_TARGET = 9.3;
				MTL_ENABLE_DEBUG_INFO = YES;
				ONLY_ACTIVE_ARCH = YES;
				SDKROOT = iphoneos;
				SWIFT_OPTIMIZATION_LEVEL = "-Onone";
				TARGETED_DEVICE_FAMILY = "1,2";
			};
			name = Debug;
		};
		1FE609231D9F89F90046C26A /* Release */ = {
			isa = XCBuildConfiguration;
			buildSettings = {
				ALWAYS_SEARCH_USER_PATHS = NO;
				CLANG_ANALYZER_NONNULL = YES;
				CLANG_CXX_LANGUAGE_STANDARD = "gnu++0x";
				CLANG_CXX_LIBRARY = "libc++";
				CLANG_ENABLE_MODULES = YES;
				CLANG_ENABLE_OBJC_ARC = YES;
				CLANG_WARN_BOOL_CONVERSION = YES;
				CLANG_WARN_CONSTANT_CONVERSION = YES;
				CLANG_WARN_DIRECT_OBJC_ISA_USAGE = YES_ERROR;
				CLANG_WARN_EMPTY_BODY = YES;
				CLANG_WARN_ENUM_CONVERSION = YES;
				CLANG_WARN_INT_CONVERSION = YES;
				CLANG_WARN_OBJC_ROOT_CLASS = YES_ERROR;
				CLANG_WARN_UNREACHABLE_CODE = YES;
				CLANG_WARN__DUPLICATE_METHOD_MATCH = YES;
				"CODE_SIGN_IDENTITY[sdk=iphoneos*]" = "iPhone Developer";
				COPY_PHASE_STRIP = NO;
				DEBUG_INFORMATION_FORMAT = "dwarf-with-dsym";
				ENABLE_NS_ASSERTIONS = NO;
				ENABLE_STRICT_OBJC_MSGSEND = YES;
				GCC_C_LANGUAGE_STANDARD = gnu99;
				GCC_NO_COMMON_BLOCKS = YES;
				GCC_WARN_64_TO_32_BIT_CONVERSION = YES;
				GCC_WARN_ABOUT_RETURN_TYPE = YES_ERROR;
				GCC_WARN_UNDECLARED_SELECTOR = YES;
				GCC_WARN_UNINITIALIZED_AUTOS = YES_AGGRESSIVE;
				GCC_WARN_UNUSED_FUNCTION = YES;
				GCC_WARN_UNUSED_VARIABLE = YES;
				IPHONEOS_DEPLOYMENT_TARGET = 9.3;
				MTL_ENABLE_DEBUG_INFO = NO;
				SDKROOT = iphoneos;
				TARGETED_DEVICE_FAMILY = "1,2";
				VALIDATE_PRODUCT = YES;
			};
			name = Release;
		};
		1FE609251D9F89F90046C26A /* Debug */ = {
			isa = XCBuildConfiguration;
			baseConfigurationReference = AC3840DA0CB6B049CDEB4F01 /* Pods-TechCare.debug.xcconfig */;
			buildSettings = {
				ASSETCATALOG_COMPILER_APPICON_NAME = AppIcon;
				CODE_SIGN_IDENTITY = "iPhone Developer";
				INFOPLIST_FILE = TechCare/Info.plist;
				IPHONEOS_DEPLOYMENT_TARGET = 9.3;
				LD_RUNPATH_SEARCH_PATHS = "$(inherited) @executable_path/Frameworks";
				PRODUCT_BUNDLE_IDENTIFIER = com.jeff.TechCare;
				PRODUCT_NAME = "$(TARGET_NAME)";
			};
			name = Debug;
		};
		1FE609261D9F89F90046C26A /* Release */ = {
			isa = XCBuildConfiguration;
			baseConfigurationReference = 36D263FCBA17036550E3DF6C /* Pods-TechCare.release.xcconfig */;
			buildSettings = {
				ASSETCATALOG_COMPILER_APPICON_NAME = AppIcon;
				CODE_SIGN_IDENTITY = "iPhone Developer";
				INFOPLIST_FILE = TechCare/Info.plist;
				IPHONEOS_DEPLOYMENT_TARGET = 9.3;
				LD_RUNPATH_SEARCH_PATHS = "$(inherited) @executable_path/Frameworks";
				PRODUCT_BUNDLE_IDENTIFIER = com.jeff.TechCare;
				PRODUCT_NAME = "$(TARGET_NAME)";
			};
			name = Release;
		};
/* End XCBuildConfiguration section */

/* Begin XCConfigurationList section */
		1FE6090D1D9F89F90046C26A /* Build configuration list for PBXProject "TechCare" */ = {
			isa = XCConfigurationList;
			buildConfigurations = (
				1FE609221D9F89F90046C26A /* Debug */,
				1FE609231D9F89F90046C26A /* Release */,
			);
			defaultConfigurationIsVisible = 0;
			defaultConfigurationName = Release;
		};
		1FE609241D9F89F90046C26A /* Build configuration list for PBXNativeTarget "TechCare" */ = {
			isa = XCConfigurationList;
			buildConfigurations = (
				1FE609251D9F89F90046C26A /* Debug */,
				1FE609261D9F89F90046C26A /* Release */,
			);
			defaultConfigurationIsVisible = 0;
			defaultConfigurationName = Release;
		};
/* End XCConfigurationList section */
	};
	rootObject = 1FE6090A1D9F89F90046C26A /* Project object */;
}
